
Microsoft Visual Studio Solution File, Format Version 12.00
# Visual Studio 15
VisualStudioVersion = 15.0.27703.2047
MinimumVisualStudioVersion = 10.0.40219.1
Project("{FAE04EC0-301F-11D3-BF4B-00C04F79EFBC}") = "Hatid.Android", "Hatid\Hatid.Android\Hatid.Android.csproj", "{C05F81F9-DD89-4749-97A8-C811B3FF8EFB}"
EndProject
Project("{FAE04EC0-301F-11D3-BF4B-00C04F79EFBC}") = "Hatid.iOS", "Hatid\Hatid.iOS\Hatid.iOS.csproj", "{3F9DFE87-37AD-4DD8-BD02-59D7BA2CA7B0}"
EndProject
Project("{FAE04EC0-301F-11D3-BF4B-00C04F79EFBC}") = "Hatid", "Hatid\Hatid\Hatid.csproj", "{649EBD81-2B90-45D3-A33C-8B6241A7AE2E}"
EndProject
Global
	GlobalSection(SolutionConfigurationPlatforms) = preSolution
		Ad-Hoc|Any CPU = Ad-Hoc|Any CPU
		Ad-Hoc|iPhone = Ad-Hoc|iPhone
		Ad-Hoc|iPhoneSimulator = Ad-Hoc|iPhoneSimulator
		AppStore|Any CPU = AppStore|Any CPU
		AppStore|iPhone = AppStore|iPhone
		AppStore|iPhoneSimulator = AppStore|iPhoneSimulator
		Debug|Any CPU = Debug|Any CPU
		Debug|iPhone = Debug|iPhone
		Debug|iPhoneSimulator = Debug|iPhoneSimulator
		Release|Any CPU = Release|Any CPU
		Release|iPhone = Release|iPhone
		Release|iPhoneSimulator = Release|iPhoneSimulator
	EndGlobalSection
	GlobalSection(ProjectConfigurationPlatforms) = postSolution
		{C05F81F9-DD89-4749-97A8-C811B3FF8EFB}.Ad-Hoc|Any CPU.ActiveCfg = Release|Any CPU
		{C05F81F9-DD89-4749-97A8-C811B3FF8EFB}.Ad-Hoc|Any CPU.Build.0 = Release|Any CPU
		{C05F81F9-DD89-4749-97A8-C811B3FF8EFB}.Ad-Hoc|Any CPU.Deploy.0 = Release|Any CPU
		{C05F81F9-DD89-4749-97A8-C811B3FF8EFB}.Ad-Hoc|iPhone.ActiveCfg = Release|Any CPU
		{C05F81F9-DD89-4749-97A8-C811B3FF8EFB}.Ad-Hoc|iPhone.Build.0 = Release|Any CPU
		{C05F81F9-DD89-4749-97A8-C811B3FF8EFB}.Ad-Hoc|iPhone.Deploy.0 = Release|Any CPU
		{C05F81F9-DD89-4749-97A8-C811B3FF8EFB}.Ad-Hoc|iPhoneSimulator.ActiveCfg = Release|Any CPU
		{C05F81F9-DD89-4749-97A8-C811B3FF8EFB}.Ad-Hoc|iPhoneSimulator.Build.0 = Release|Any CPU
		{C05F81F9-DD89-4749-97A8-C811B3FF8EFB}.Ad-Hoc|iPhoneSimulator.Deploy.0 = Release|Any CPU
		{C05F81F9-DD89-4749-97A8-C811B3FF8EFB}.AppStore|Any CPU.ActiveCfg = Release|Any CPU
		{C05F81F9-DD89-4749-97A8-C811B3FF8EFB}.AppStore|Any CPU.Build.0 = Release|Any CPU
		{C05F81F9-DD89-4749-97A8-C811B3FF8EFB}.AppStore|Any CPU.Deploy.0 = Release|Any CPU
		{C05F81F9-DD89-4749-97A8-C811B3FF8EFB}.AppStore|iPhone.ActiveCfg = Release|Any CPU
		{C05F81F9-DD89-4749-97A8-C811B3FF8EFB}.AppStore|iPhone.Build.0 = Release|Any CPU
		{C05F81F9-DD89-4749-97A8-C811B3FF8EFB}.AppStore|iPhone.Deploy.0 = Release|Any CPU
		{C05F81F9-DD89-4749-97A8-C811B3FF8EFB}.AppStore|iPhoneSimulator.ActiveCfg = Release|Any CPU
		{C05F81F9-DD89-4749-97A8-C811B3FF8EFB}.AppStore|iPhoneSimulator.Build.0 = Release|Any CPU
		{C05F81F9-DD89-4749-97A8-C811B3FF8EFB}.AppStore|iPhoneSimulator.Deploy.0 = Release|Any CPU
		{C05F81F9-DD89-4749-97A8-C811B3FF8EFB}.Debug|Any CPU.ActiveCfg = Debug|Any CPU
		{C05F81F9-DD89-4749-97A8-C811B3FF8EFB}.Debug|Any CPU.Build.0 = Debug|Any CPU
		{C05F81F9-DD89-4749-97A8-C811B3FF8EFB}.Debug|Any CPU.Deploy.0 = Debug|Any CPU
		{C05F81F9-DD89-4749-97A8-C811B3FF8EFB}.Debug|iPhone.ActiveCfg = Debug|Any CPU
		{C05F81F9-DD89-4749-97A8-C811B3FF8EFB}.Debug|iPhone.Build.0 = Debug|Any CPU
		{C05F81F9-DD89-4749-97A8-C811B3FF8EFB}.Debug|iPhone.Deploy.0 = Debug|Any CPU
		{C05F81F9-DD89-4749-97A8-C811B3FF8EFB}.Debug|iPhoneSimulator.ActiveCfg = Debug|Any CPU
		{C05F81F9-DD89-4749-97A8-C811B3FF8EFB}.Debug|iPhoneSimulator.Build.0 = Debug|Any CPU
		{C05F81F9-DD89-4749-97A8-C811B3FF8EFB}.Debug|iPhoneSimulator.Deploy.0 = Debug|Any CPU
		{C05F81F9-DD89-4749-97A8-C811B3FF8EFB}.Release|Any CPU.ActiveCfg = Release|Any CPU
		{C05F81F9-DD89-4749-97A8-C811B3FF8EFB}.Release|Any CPU.Build.0 = Release|Any CPU
		{C05F81F9-DD89-4749-97A8-C811B3FF8EFB}.Release|Any CPU.Deploy.0 = Release|Any CPU
		{C05F81F9-DD89-4749-97A8-C811B3FF8EFB}.Release|iPhone.ActiveCfg = Release|Any CPU
		{C05F81F9-DD89-4749-97A8-C811B3FF8EFB}.Release|iPhone.Build.0 = Release|Any CPU
		{C05F81F9-DD89-4749-97A8-C811B3FF8EFB}.Release|iPhone.Deploy.0 = Release|Any CPU
		{C05F81F9-DD89-4749-97A8-C811B3FF8EFB}.Release|iPhoneSimulator.ActiveCfg = Release|Any CPU
		{C05F81F9-DD89-4749-97A8-C811B3FF8EFB}.Release|iPhoneSimulator.Build.0 = Release|Any CPU
		{C05F81F9-DD89-4749-97A8-C811B3FF8EFB}.Release|iPhoneSimulator.Deploy.0 = Release|Any CPU
		{3F9DFE87-37AD-4DD8-BD02-59D7BA2CA7B0}.Ad-Hoc|Any CPU.ActiveCfg = Ad-Hoc|iPhone
		{3F9DFE87-37AD-4DD8-BD02-59D7BA2CA7B0}.Ad-Hoc|Any CPU.Build.0 = Ad-Hoc|iPhone
		{3F9DFE87-37AD-4DD8-BD02-59D7BA2CA7B0}.Ad-Hoc|Any CPU.Deploy.0 = Ad-Hoc|iPhone
		{3F9DFE87-37AD-4DD8-BD02-59D7BA2CA7B0}.Ad-Hoc|iPhone.ActiveCfg = Ad-Hoc|iPhone
		{3F9DFE87-37AD-4DD8-BD02-59D7BA2CA7B0}.Ad-Hoc|iPhone.Build.0 = Ad-Hoc|iPhone
		{3F9DFE87-37AD-4DD8-BD02-59D7BA2CA7B0}.Ad-Hoc|iPhone.Deploy.0 = Ad-Hoc|iPhone
		{3F9DFE87-37AD-4DD8-BD02-59D7BA2CA7B0}.Ad-Hoc|iPhoneSimulator.ActiveCfg = Ad-Hoc|iPhoneSimulator
		{3F9DFE87-37AD-4DD8-BD02-59D7BA2CA7B0}.Ad-Hoc|iPhoneSimulator.Build.0 = Ad-Hoc|iPhoneSimulator
		{3F9DFE87-37AD-4DD8-BD02-59D7BA2CA7B0}.Ad-Hoc|iPhoneSimulator.Deploy.0 = Ad-Hoc|iPhoneSimulator
		{3F9DFE87-37AD-4DD8-BD02-59D7BA2CA7B0}.AppStore|Any CPU.ActiveCfg = AppStore|iPhone
		{3F9DFE87-37AD-4DD8-BD02-59D7BA2CA7B0}.AppStore|Any CPU.Build.0 = AppStore|iPhone
		{3F9DFE87-37AD-4DD8-BD02-59D7BA2CA7B0}.AppStore|Any CPU.Deploy.0 = AppStore|iPhone
		{3F9DFE87-37AD-4DD8-BD02-59D7BA2CA7B0}.AppStore|iPhone.ActiveCfg = AppStore|iPhone
		{3F9DFE87-37AD-4DD8-BD02-59D7BA2CA7B0}.AppStore|iPhone.Build.0 = AppStore|iPhone
		{3F9DFE87-37AD-4DD8-BD02-59D7BA2CA7B0}.AppStore|iPhone.Deploy.0 = AppStore|iPhone
		{3F9DFE87-37AD-4DD8-BD02-59D7BA2CA7B0}.AppStore|iPhoneSimulator.ActiveCfg = AppStore|iPhoneSimulator
		{3F9DFE87-37AD-4DD8-BD02-59D7BA2CA7B0}.AppStore|iPhoneSimulator.Build.0 = AppStore|iPhoneSimulator
		{3F9DFE87-37AD-4DD8-BD02-59D7BA2CA7B0}.AppStore|iPhoneSimulator.Deploy.0 = AppStore|iPhoneSimulator
		{3F9DFE87-37AD-4DD8-BD02-59D7BA2CA7B0}.Debug|Any CPU.ActiveCfg = Debug|iPhoneSimulator
		{3F9DFE87-37AD-4DD8-BD02-59D7BA2CA7B0}.Debug|Any CPU.Build.0 = Debug|iPhoneSimulator
		{3F9DFE87-37AD-4DD8-BD02-59D7BA2CA7B0}.Debug|Any CPU.Deploy.0 = Debug|iPhoneSimulator
		{3F9DFE87-37AD-4DD8-BD02-59D7BA2CA7B0}.Debug|iPhone.ActiveCfg = Debug|iPhone
		{3F9DFE87-37AD-4DD8-BD02-59D7BA2CA7B0}.Debug|iPhone.Build.0 = Debug|iPhone
		{3F9DFE87-37AD-4DD8-BD02-59D7BA2CA7B0}.Debug|iPhone.Deploy.0 = Debug|iPhone
		{3F9DFE87-37AD-4DD8-BD02-59D7BA2CA7B0}.Debug|iPhoneSimulator.ActiveCfg = Debug|iPhoneSimulator
		{3F9DFE87-37AD-4DD8-BD02-59D7BA2CA7B0}.Debug|iPhoneSimulator.Build.0 = Debug|iPhoneSimulator
		{3F9DFE87-37AD-4DD8-BD02-59D7BA2CA7B0}.Debug|iPhoneSimulator.Deploy.0 = Debug|iPhoneSimulator
		{3F9DFE87-37AD-4DD8-BD02-59D7BA2CA7B0}.Release|Any CPU.ActiveCfg = Release|iPhone
		{3F9DFE87-37AD-4DD8-BD02-59D7BA2CA7B0}.Release|Any CPU.Build.0 = Release|iPhone
		{3F9DFE87-37AD-4DD8-BD02-59D7BA2CA7B0}.Release|Any CPU.Deploy.0 = Release|iPhone
		{3F9DFE87-37AD-4DD8-BD02-59D7BA2CA7B0}.Release|iPhone.ActiveCfg = Release|iPhone
		{3F9DFE87-37AD-4DD8-BD02-59D7BA2CA7B0}.Release|iPhone.Build.0 = Release|iPhone
		{3F9DFE87-37AD-4DD8-BD02-59D7BA2CA7B0}.Release|iPhone.Deploy.0 = Release|iPhone
		{3F9DFE87-37AD-4DD8-BD02-59D7BA2CA7B0}.Release|iPhoneSimulator.ActiveCfg = Release|iPhoneSimulator
		{3F9DFE87-37AD-4DD8-BD02-59D7BA2CA7B0}.Release|iPhoneSimulator.Build.0 = Release|iPhoneSimulator
		{3F9DFE87-37AD-4DD8-BD02-59D7BA2CA7B0}.Release|iPhoneSimulator.Deploy.0 = Release|iPhoneSimulator
		{649EBD81-2B90-45D3-A33C-8B6241A7AE2E}.Ad-Hoc|Any CPU.ActiveCfg = Debug|Any CPU
		{649EBD81-2B90-45D3-A33C-8B6241A7AE2E}.Ad-Hoc|Any CPU.Build.0 = Debug|Any CPU
		{649EBD81-2B90-45D3-A33C-8B6241A7AE2E}.Ad-Hoc|Any CPU.Deploy.0 = Debug|Any CPU
		{649EBD81-2B90-45D3-A33C-8B6241A7AE2E}.Ad-Hoc|iPhone.ActiveCfg = Debug|Any CPU
		{649EBD81-2B90-45D3-A33C-8B6241A7AE2E}.Ad-Hoc|iPhone.Build.0 = Debug|Any CPU
		{649EBD81-2B90-45D3-A33C-8B6241A7AE2E}.Ad-Hoc|iPhone.Deploy.0 = Debug|Any CPU
		{649EBD81-2B90-45D3-A33C-8B6241A7AE2E}.Ad-Hoc|iPhoneSimulator.ActiveCfg = Debug|Any CPU
		{649EBD81-2B90-45D3-A33C-8B6241A7AE2E}.Ad-Hoc|iPhoneSimulator.Build.0 = Debug|Any CPU
		{649EBD81-2B90-45D3-A33C-8B6241A7AE2E}.Ad-Hoc|iPhoneSimulator.Deploy.0 = Debug|Any CPU
		{649EBD81-2B90-45D3-A33C-8B6241A7AE2E}.AppStore|Any CPU.ActiveCfg = Debug|Any CPU
		{649EBD81-2B90-45D3-A33C-8B6241A7AE2E}.AppStore|Any CPU.Build.0 = Debug|Any CPU
		{649EBD81-2B90-45D3-A33C-8B6241A7AE2E}.AppStore|Any CPU.Deploy.0 = Debug|Any CPU
		{649EBD81-2B90-45D3-A33C-8B6241A7AE2E}.AppStore|iPhone.ActiveCfg = Debug|Any CPU
		{649EBD81-2B90-45D3-A33C-8B6241A7AE2E}.AppStore|iPhone.Build.0 = Debug|Any CPU
		{649EBD81-2B90-45D3-A33C-8B6241A7AE2E}.AppStore|iPhone.Deploy.0 = Debug|Any CPU
		{649EBD81-2B90-45D3-A33C-8B6241A7AE2E}.AppStore|iPhoneSimulator.ActiveCfg = Debug|Any CPU
		{649EBD81-2B90-45D3-A33C-8B6241A7AE2E}.AppStore|iPhoneSimulator.Build.0 = Debug|Any CPU
		{649EBD81-2B90-45D3-A33C-8B6241A7AE2E}.AppStore|iPhoneSimulator.Deploy.0 = Debug|Any CPU
		{649EBD81-2B90-45D3-A33C-8B6241A7AE2E}.Debug|Any CPU.ActiveCfg = Debug|Any CPU
		{649EBD81-2B90-45D3-A33C-8B6241A7AE2E}.Debug|Any CPU.Build.0 = Debug|Any CPU
		{649EBD81-2B90-45D3-A33C-8B6241A7AE2E}.Debug|Any CPU.Deploy.0 = Debug|Any CPU
		{649EBD81-2B90-45D3-A33C-8B6241A7AE2E}.Debug|iPhone.ActiveCfg = Debug|Any CPU
		{649EBD81-2B90-45D3-A33C-8B6241A7AE2E}.Debug|iPhone.Build.0 = Debug|Any CPU
		{649EBD81-2B90-45D3-A33C-8B6241A7AE2E}.Debug|iPhone.Deploy.0 = Debug|Any CPU
		{649EBD81-2B90-45D3-A33C-8B6241A7AE2E}.Debug|iPhoneSimulator.ActiveCfg = Debug|Any CPU
		{649EBD81-2B90-45D3-A33C-8B6241A7AE2E}.Debug|iPhoneSimulator.Build.0 = Debug|Any CPU
		{649EBD81-2B90-45D3-A33C-8B6241A7AE2E}.Debug|iPhoneSimulator.Deploy.0 = Debug|Any CPU
		{649EBD81-2B90-45D3-A33C-8B6241A7AE2E}.Release|Any CPU.ActiveCfg = Release|Any CPU
		{649EBD81-2B90-45D3-A33C-8B6241A7AE2E}.Release|Any CPU.Build.0 = Release|Any CPU
		{649EBD81-2B90-45D3-A33C-8B6241A7AE2E}.Release|Any CPU.Deploy.0 = Release|Any CPU
		{649EBD81-2B90-45D3-A33C-8B6241A7AE2E}.Release|iPhone.ActiveCfg = Release|Any CPU
		{649EBD81-2B90-45D3-A33C-8B6241A7AE2E}.Release|iPhone.Build.0 = Release|Any CPU
		{649EBD81-2B90-45D3-A33C-8B6241A7AE2E}.Release|iPhone.Deploy.0 = Release|Any CPU
		{649EBD81-2B90-45D3-A33C-8B6241A7AE2E}.Release|iPhoneSimulator.ActiveCfg = Release|Any CPU
		{649EBD81-2B90-45D3-A33C-8B6241A7AE2E}.Release|iPhoneSimulator.Build.0 = Release|Any CPU
		{649EBD81-2B90-45D3-A33C-8B6241A7AE2E}.Release|iPhoneSimulator.Deploy.0 = Release|Any CPU
	EndGlobalSection
	GlobalSection(SolutionProperties) = preSolution
		HideSolutionNode = FALSE
	EndGlobalSection
	GlobalSection(ExtensibilityGlobals) = postSolution
		SolutionGuid = {C9CBB018-4F69-487B-A578-AE17A095FEC5}
	EndGlobalSection
EndGlobal
